
Microsoft Visual Studio Solution File, Format Version 12.00
# Visual Studio Version 16
VisualStudioVersion = 16.0.30503.244
MinimumVisualStudioVersion = 10.0.40219.1
Project("{9A19103F-16F7-4668-BE54-9A1E7A4F7556}") = "ConsoleAppPostgreSQL", "ConsoleAppPostgreSQL\ConsoleAppPostgreSQL.csproj", "{D5BF9BDF-2D77-4FC3-8E9C-4E7AD1A27AAA}"
EndProject
Project("{2150E333-8FDC-42A3-9474-1A3956D46DE8}") = "Solution Items", "Solution Items", "{A812B3BA-0C67-4FA7-8636-36C2B1ADC17F}"
	ProjectSection(SolutionItems) = preProject
		.editorconfig = .editorconfig
		notes.txt = notes.txt
	EndProjectSection
EndProject
Project("{9A19103F-16F7-4668-BE54-9A1E7A4F7556}") = "BooksClient", "BooksClient\BooksClient.csproj", "{4CC4FFC4-17A9-4225-92EE-4362389D6D87}"
EndProject
Project("{9A19103F-16F7-4668-BE54-9A1E7A4F7556}") = "College", "College\College.csproj", "{F8C90598-C87B-483B-9858-511D69691F35}"
EndProject
Project("{FAE04EC0-301F-11D3-BF4B-00C04F79EFBC}") = "CollegeClient", "CollegeClient\CollegeClient.csproj", "{B401FDB8-709E-4F28-93C7-4DB148CD293B}"
EndProject
Global
	GlobalSection(SolutionConfigurationPlatforms) = preSolution
		Debug|Any CPU = Debug|Any CPU
		Release|Any CPU = Release|Any CPU
	EndGlobalSection
	GlobalSection(ProjectConfigurationPlatforms) = postSolution
		{D5BF9BDF-2D77-4FC3-8E9C-4E7AD1A27AAA}.Debug|Any CPU.ActiveCfg = Debug|Any CPU
		{D5BF9BDF-2D77-4FC3-8E9C-4E7AD1A27AAA}.Debug|Any CPU.Build.0 = Debug|Any CPU
		{D5BF9BDF-2D77-4FC3-8E9C-4E7AD1A27AAA}.Release|Any CPU.ActiveCfg = Release|Any CPU
		{D5BF9BDF-2D77-4FC3-8E9C-4E7AD1A27AAA}.Release|Any CPU.Build.0 = Release|Any CPU
		{4CC4FFC4-17A9-4225-92EE-4362389D6D87}.Debug|Any CPU.ActiveCfg = Debug|Any CPU
		{4CC4FFC4-17A9-4225-92EE-4362389D6D87}.Debug|Any CPU.Build.0 = Debug|Any CPU
		{4CC4FFC4-17A9-4225-92EE-4362389D6D87}.Release|Any CPU.ActiveCfg = Release|Any CPU
		{4CC4FFC4-17A9-4225-92EE-4362389D6D87}.Release|Any CPU.Build.0 = Release|Any CPU
		{F8C90598-C87B-483B-9858-511D69691F35}.Debug|Any CPU.ActiveCfg = Debug|Any CPU
		{F8C90598-C87B-483B-9858-511D69691F35}.Debug|Any CPU.Build.0 = Debug|Any CPU
		{F8C90598-C87B-483B-9858-511D69691F35}.Release|Any CPU.ActiveCfg = Release|Any CPU
		{F8C90598-C87B-483B-9858-511D69691F35}.Release|Any CPU.Build.0 = Release|Any CPU
		{B401FDB8-709E-4F28-93C7-4DB148CD293B}.Debug|Any CPU.ActiveCfg = Debug|Any CPU
		{B401FDB8-709E-4F28-93C7-4DB148CD293B}.Debug|Any CPU.Build.0 = Debug|Any CPU
		{B401FDB8-709E-4F28-93C7-4DB148CD293B}.Release|Any CPU.ActiveCfg = Release|Any CPU
		{B401FDB8-709E-4F28-93C7-4DB148CD293B}.Release|Any CPU.Build.0 = Release|Any CPU
	EndGlobalSection
	GlobalSection(SolutionProperties) = preSolution
		HideSolutionNode = FALSE
	EndGlobalSection
	GlobalSection(ExtensibilityGlobals) = postSolution
		SolutionGuid = {110B8BF7-3ADC-448A-9241-0892F0B9513A}
	EndGlobalSection
EndGlobal
