
Microsoft Visual Studio Solution File, Format Version 12.00
# Visual Studio Version 16
VisualStudioVersion = 16.0.30503.244
MinimumVisualStudioVersion = 10.0.40219.1
Project("{9A19103F-16F7-4668-BE54-9A1E7A4F7556}") = "ConsoleAppPostgreSQL", "ConsoleAppPostgreSQL\ConsoleAppPostgreSQL.csproj", "{D5BF9BDF-2D77-4FC3-8E9C-4E7AD1A27AAA}"
EndProject
Project("{FAE04EC0-301F-11D3-BF4B-00C04F79EFBC}") = "EscuelaPG", "EscuelaPG\EscuelaPG.csproj", "{FD6FB265-BA5C-44B0-A651-13438327DDFD}"
EndProject
Global
	GlobalSection(SolutionConfigurationPlatforms) = preSolution
		Debug|Any CPU = Debug|Any CPU
		Release|Any CPU = Release|Any CPU
	EndGlobalSection
	GlobalSection(ProjectConfigurationPlatforms) = postSolution
		{D5BF9BDF-2D77-4FC3-8E9C-4E7AD1A27AAA}.Debug|Any CPU.ActiveCfg = Debug|Any CPU
		{D5BF9BDF-2D77-4FC3-8E9C-4E7AD1A27AAA}.Debug|Any CPU.Build.0 = Debug|Any CPU
		{D5BF9BDF-2D77-4FC3-8E9C-4E7AD1A27AAA}.Release|Any CPU.ActiveCfg = Release|Any CPU
		{D5BF9BDF-2D77-4FC3-8E9C-4E7AD1A27AAA}.Release|Any CPU.Build.0 = Release|Any CPU
		{FD6FB265-BA5C-44B0-A651-13438327DDFD}.Debug|Any CPU.ActiveCfg = Debug|Any CPU
		{FD6FB265-BA5C-44B0-A651-13438327DDFD}.Debug|Any CPU.Build.0 = Debug|Any CPU
		{FD6FB265-BA5C-44B0-A651-13438327DDFD}.Release|Any CPU.ActiveCfg = Release|Any CPU
		{FD6FB265-BA5C-44B0-A651-13438327DDFD}.Release|Any CPU.Build.0 = Release|Any CPU
	EndGlobalSection
	GlobalSection(SolutionProperties) = preSolution
		HideSolutionNode = FALSE
	EndGlobalSection
	GlobalSection(ExtensibilityGlobals) = postSolution
		SolutionGuid = {110B8BF7-3ADC-448A-9241-0892F0B9513A}
	EndGlobalSection
EndGlobal
